// !$*UTF8*$!
{
	archiveVersion = 1;
	classes = {
	};
	objectVersion = 56;
	objects = {

/* Begin PBXBuildFile section */
		1A2B3C4D5E6F788C /* AppDelegate.swift in Sources */ = {isa = PBXBuildFile; fileRef = 1A2B3C4D5E6F788D /* AppDelegate.swift */; };
		1A2B3C4D5E6F788E /* SceneDelegate.swift in Sources */ = {isa = PBXBuildFile; fileRef = 1A2B3C4D5E6F788F /* SceneDelegate.swift */; };
		1A2B3C4D5E6F7890 /* ViewController.swift in Sources */ = {isa = PBXBuildFile; fileRef = 1A2B3C4D5E6F7891 /* ViewController.swift */; };
		1A2B3C4D5E6F7893 /* Main.storyboard in Resources */ = {isa = PBXBuildFile; fileRef = 1A2B3C4D5E6F7894 /* Main.storyboard */; };
		1A2B3C4D5E6F7895 /* Assets.xcassets in Resources */ = {isa = PBXBuildFile; fileRef = 1A2B3C4D5E6F7896 /* Assets.xcassets */; };
		1A2B3C4D5E6F7898 /* LaunchScreen.storyboard in Resources */ = {isa = PBXBuildFile; fileRef = 1A2B3C4D5E6F7899 /* LaunchScreen.storyboard */; };
		A11111111111111111111111 /* VideoPlayerViewController.swift in Sources */ = {isa = PBXBuildFile; fileRef = A11111111111111111111112 /* VideoPlayerViewController.swift */; };
		A11111111111111111111113 /* AVPlayerView.swift in Sources */ = {isa = PBXBuildFile; fileRef = A11111111111111111111114 /* AVPlayerView.swift */; };
		A11111111111111111111115 /* VideoControlsView.swift in Sources */ = {isa = PBXBuildFile; fileRef = A11111111111111111111116 /* VideoControlsView.swift */; };
		A11111111111111111111117 /* SubtitleOverlayView.swift in Sources */ = {isa = PBXBuildFile; fileRef = A11111111111111111111118 /* SubtitleOverlayView.swift */; };
		A11111111111111111111119 /* LanguageSelectionViewController.swift in Sources */ = {isa = PBXBuildFile; fileRef = A1111111111111111111111A /* LanguageSelectionViewController.swift */; };
		A1111111111111111111111B /* SettingsViewController.swift in Sources */ = {isa = PBXBuildFile; fileRef = A1111111111111111111111C /* SettingsViewController.swift */; };
		A1111111111111111111111D /* SessionGateViewController.swift in Sources */ = {isa = PBXBuildFile; fileRef = A1111111111111111111111E /* SessionGateViewController.swift */; };
		A1111111111111111111111F /* AdminDashboardViewController.swift in Sources */ = {isa = PBXBuildFile; fileRef = A11111111111111111111120 /* AdminDashboardViewController.swift */; };
		A11111111111111111111121 /* LoginViewController.swift in Sources */ = {isa = PBXBuildFile; fileRef = A11111111111111111111122 /* LoginViewController.swift */; };
		A11111111111111111111123 /* SignupViewController.swift in Sources */ = {isa = PBXBuildFile; fileRef = A11111111111111111111124 /* SignupViewController.swift */; };
		A11111111111111111111125 /* Subtitle.swift in Sources */ = {isa = PBXBuildFile; fileRef = A11111111111111111111126 /* Subtitle.swift */; };
		A11111111111111111111127 /* Language.swift in Sources */ = {isa = PBXBuildFile; fileRef = A11111111111111111111128 /* Language.swift */; };
		A11111111111111111111129 /* AppUser.swift in Sources */ = {isa = PBXBuildFile; fileRef = A1111111111111111111112A /* AppUser.swift */; };
		A1111111111111111111112B /* TranscriptionService.swift in Sources */ = {isa = PBXBuildFile; fileRef = A1111111111111111111112C /* TranscriptionService.swift */; };
		A1111111111111111111112D /* TranslationService.swift in Sources */ = {isa = PBXBuildFile; fileRef = A1111111111111111111112E /* TranslationService.swift */; };
		A1111111111111111111112F /* SubtitleManager.swift in Sources */ = {isa = PBXBuildFile; fileRef = A11111111111111111111130 /* SubtitleManager.swift */; };
		A11111111111111111111131 /* AppContainer.swift in Sources */ = {isa = PBXBuildFile; fileRef = A11111111111111111111132 /* AppContainer.swift */; };
		A11111111111111111111133 /* AuthProviding.swift in Sources */ = {isa = PBXBuildFile; fileRef = A11111111111111111111134 /* AuthProviding.swift */; };
		A11111111111111111111135 /* MockAuthProvider.swift in Sources */ = {isa = PBXBuildFile; fileRef = A11111111111111111111136 /* MockAuthProvider.swift */; };
		A11111111111111111111137 /* AnalyticsModels.swift in Sources */ = {isa = PBXBuildFile; fileRef = A11111111111111111111138 /* AnalyticsModels.swift */; };
		A11111111111111111111139 /* AnalyticsStore.swift in Sources */ = {isa = PBXBuildFile; fileRef = A1111111111111111111113A /* AnalyticsStore.swift */; };
		B11111111111111111111111 /* SupabaseAuthProvider.swift in Sources */ = {isa = PBXBuildFile; fileRef = B11111111111111111111112 /* SupabaseAuthProvider.swift */; };
		B11111111111111111111113 /* SupabaseService.swift in Sources */ = {isa = PBXBuildFile; fileRef = B11111111111111111111114 /* SupabaseService.swift */; };
		C11111111111111111111111 /* AdminDashboardViewController.swift in Sources */ = {isa = PBXBuildFile; fileRef = C11111111111111111111112 /* AdminDashboardViewController.swift */; };
		C11111111111111111111113 /* UserDetailViewController.swift in Sources */ = {isa = PBXBuildFile; fileRef = C11111111111111111111114 /* UserDetailViewController.swift */; };
		C11111111111111111111115 /* ChartViews.swift in Sources */ = {isa = PBXBuildFile; fileRef = C11111111111111111111116 /* ChartViews.swift */; };
		C11111111111111111111117 /* AdminRoleManager.swift in Sources */ = {isa = PBXBuildFile; fileRef = C11111111111111111111118 /* AdminRoleManager.swift */; };
/* End PBXBuildFile section */

/* Begin PBXFileReference section */
		1A2B3C4D5E6F788A /* VideoTranslator.app */ = {isa = PBXFileReference; explicitFileType = wrapper.application; includeInIndex = 0; path = VideoTranslator.app; sourceTree = BUILT_PRODUCTS_DIR; };
		1A2B3C4D5E6F788D /* AppDelegate.swift */ = {isa = PBXFileReference; lastKnownFileType = sourcecode.swift; path = AppDelegate.swift; sourceTree = "<group>"; };
		1A2B3C4D5E6F788F /* SceneDelegate.swift */ = {isa = PBXFileReference; lastKnownFileType = sourcecode.swift; path = SceneDelegate.swift; sourceTree = "<group>"; };
		1A2B3C4D5E6F7891 /* ViewController.swift */ = {isa = PBXFileReference; lastKnownFileType = sourcecode.swift; path = ViewController.swift; sourceTree = "<group>"; };
		1A2B3C4D5E6F7894 /* Main.storyboard */ = {isa = PBXFileReference; lastKnownFileType = file.storyboard; path = Main.storyboard; sourceTree = "<group>"; };
		1A2B3C4D5E6F7896 /* Assets.xcassets */ = {isa = PBXFileReference; lastKnownFileType = folder.assetcatalog; path = Assets.xcassets; sourceTree = "<group>"; };
		1A2B3C4D5E6F7899 /* LaunchScreen.storyboard */ = {isa = PBXFileReference; lastKnownFileType = file.storyboard; path = LaunchScreen.storyboard; sourceTree = "<group>"; };
		A11111111111111111111112 /* VideoPlayerViewController.swift */ = {isa = PBXFileReference; lastKnownFileType = sourcecode.swift; path = VideoPlayerViewController.swift; sourceTree = "<group>"; };
		A11111111111111111111114 /* AVPlayerView.swift */ = {isa = PBXFileReference; lastKnownFileType = sourcecode.swift; path = AVPlayerView.swift; sourceTree = "<group>"; };
		A11111111111111111111116 /* VideoControlsView.swift */ = {isa = PBXFileReference; lastKnownFileType = sourcecode.swift; path = VideoControlsView.swift; sourceTree = "<group>"; };
		A11111111111111111111118 /* SubtitleOverlayView.swift */ = {isa = PBXFileReference; lastKnownFileType = sourcecode.swift; path = SubtitleOverlayView.swift; sourceTree = "<group>"; };
		A1111111111111111111111A /* LanguageSelectionViewController.swift */ = {isa = PBXFileReference; lastKnownFileType = sourcecode.swift; path = LanguageSelectionViewController.swift; sourceTree = "<group>"; };
		A1111111111111111111111C /* SettingsViewController.swift */ = {isa = PBXFileReference; lastKnownFileType = sourcecode.swift; path = SettingsViewController.swift; sourceTree = "<group>"; };
		A1111111111111111111111E /* SessionGateViewController.swift */ = {isa = PBXFileReference; lastKnownFileType = sourcecode.swift; path = SessionGateViewController.swift; sourceTree = "<group>"; };
		A11111111111111111111120 /* AdminDashboardViewController.swift */ = {isa = PBXFileReference; lastKnownFileType = sourcecode.swift; path = AdminDashboardViewController.swift; sourceTree = "<group>"; };
		A11111111111111111111122 /* LoginViewController.swift */ = {isa = PBXFileReference; lastKnownFileType = sourcecode.swift; path = LoginViewController.swift; sourceTree = "<group>"; };
		A11111111111111111111124 /* SignupViewController.swift */ = {isa = PBXFileReference; lastKnownFileType = sourcecode.swift; path = SignupViewController.swift; sourceTree = "<group>"; };
		A11111111111111111111126 /* Subtitle.swift */ = {isa = PBXFileReference; lastKnownFileType = sourcecode.swift; path = Subtitle.swift; sourceTree = "<group>"; };
		A11111111111111111111128 /* Language.swift */ = {isa = PBXFileReference; lastKnownFileType = sourcecode.swift; path = Language.swift; sourceTree = "<group>"; };
		A1111111111111111111112A /* AppUser.swift */ = {isa = PBXFileReference; lastKnownFileType = sourcecode.swift; path = AppUser.swift; sourceTree = "<group>"; };
		A1111111111111111111112C /* TranscriptionService.swift */ = {isa = PBXFileReference; lastKnownFileType = sourcecode.swift; path = TranscriptionService.swift; sourceTree = "<group>"; };
		A1111111111111111111112E /* TranslationService.swift */ = {isa = PBXFileReference; lastKnownFileType = sourcecode.swift; path = TranslationService.swift; sourceTree = "<group>"; };
		A11111111111111111111130 /* SubtitleManager.swift */ = {isa = PBXFileReference; lastKnownFileType = sourcecode.swift; path = SubtitleManager.swift; sourceTree = "<group>"; };
		A11111111111111111111132 /* AppContainer.swift */ = {isa = PBXFileReference; lastKnownFileType = sourcecode.swift; path = AppContainer.swift; sourceTree = "<group>"; };
		A11111111111111111111134 /* AuthProviding.swift */ = {isa = PBXFileReference; lastKnownFileType = sourcecode.swift; path = AuthProviding.swift; sourceTree = "<group>"; };
		A11111111111111111111136 /* MockAuthProvider.swift */ = {isa = PBXFileReference; lastKnownFileType = sourcecode.swift; path = MockAuthProvider.swift; sourceTree = "<group>"; };
		A11111111111111111111138 /* AnalyticsModels.swift */ = {isa = PBXFileReference; lastKnownFileType = sourcecode.swift; path = AnalyticsModels.swift; sourceTree = "<group>"; };
		A1111111111111111111113A /* AnalyticsStore.swift */ = {isa = PBXFileReference; lastKnownFileType = sourcecode.swift; path = AnalyticsStore.swift; sourceTree = "<group>"; };
		B11111111111111111111112 /* SupabaseAuthProvider.swift */ = {isa = PBXFileReference; lastKnownFileType = sourcecode.swift; path = SupabaseAuthProvider.swift; sourceTree = "<group>"; };
		B11111111111111111111114 /* SupabaseService.swift */ = {isa = PBXFileReference; lastKnownFileType = sourcecode.swift; path = SupabaseService.swift; sourceTree = "<group>"; };
		1A2B3C4D5E6F789B /* Info.plist */ = {isa = PBXFileReference; lastKnownFileType = text.plist.xml; path = Info.plist; sourceTree = "<group>"; };
		C11111111111111111111112 /* AdminDashboardViewController.swift */ = {isa = PBXFileReference; lastKnownFileType = sourcecode.swift; path = AdminDashboardViewController.swift; sourceTree = "<group>"; };
		C11111111111111111111114 /* UserDetailViewController.swift */ = {isa = PBXFileReference; lastKnownFileType = sourcecode.swift; path = UserDetailViewController.swift; sourceTree = "<group>"; };
		C11111111111111111111116 /* ChartViews.swift */ = {isa = PBXFileReference; lastKnownFileType = sourcecode.swift; path = ChartViews.swift; sourceTree = "<group>"; };
		C11111111111111111111118 /* AdminRoleManager.swift */ = {isa = PBXFileReference; lastKnownFileType = sourcecode.swift; path = AdminRoleManager.swift; sourceTree = "<group>"; };
/* End PBXFileReference section */

/* Begin PBXFrameworksBuildPhase section */
		1A2B3C4D5E6F7887 /* Frameworks */ = {
			isa = PBXFrameworksBuildPhase;
			buildActionMask = 2147483647;
			files = (
			);
			runOnlyForDeploymentPostprocessing = 0;
		};
/* End PBXFrameworksBuildPhase section */

/* Begin PBXGroup section */
		1A2B3C4D5E6F7881 = {
			isa = PBXGroup;
			children = (
				1A2B3C4D5E6F7890 /* VideoTranslator */,
				1A2B3C4D5E6F788B /* Products */,
			);
			sourceTree = "<group>";
		};
		1A2B3C4D5E6F788B /* Products */ = {
			isa = PBXGroup;
			children = (
				1A2B3C4D5E6F788A /* VideoTranslator.app */,
			);
			name = Products;
			sourceTree = "<group>";
		};
		1A2B3C4D5E6F7890 /* VideoTranslator */ = {
			isa = PBXGroup;
			children = (
				1A2B3C4D5E6F788D /* AppDelegate.swift */,
				1A2B3C4D5E6F788F /* SceneDelegate.swift */,
				1A2B3C4D5E6F7891 /* ViewController.swift */,
				1A2B3C4D5E6F7894 /* Main.storyboard */,
				1A2B3C4D5E6F7896 /* Assets.xcassets */,
				1A2B3C4D5E6F7899 /* LaunchScreen.storyboard */,
				1A2B3C4D5E6F789B /* Info.plist */,
				A11111111111111111111112 /* VideoPlayerViewController.swift */,
				A11111111111111111111114 /* AVPlayerView.swift */,
				A11111111111111111111116 /* VideoControlsView.swift */,
				A11111111111111111111118 /* SubtitleOverlayView.swift */,
				A1111111111111111111111A /* LanguageSelectionViewController.swift */,
				A1111111111111111111111C /* SettingsViewController.swift */,
				A1111111111111111111111E /* SessionGateViewController.swift */,
				A11111111111111111111120 /* AdminDashboardViewController.swift */,
				A11111111111111111111122 /* LoginViewController.swift */,
				A11111111111111111111124 /* SignupViewController.swift */,
				A11111111111111111111126 /* Subtitle.swift */,
				A11111111111111111111128 /* Language.swift */,
				A1111111111111111111112A /* AppUser.swift */,
				A1111111111111111111112C /* TranscriptionService.swift */,
				A1111111111111111111112E /* TranslationService.swift */,
				A11111111111111111111130 /* SubtitleManager.swift */,
				A11111111111111111111132 /* AppContainer.swift */,
				A11111111111111111111134 /* AuthProviding.swift */,
				A11111111111111111111136 /* MockAuthProvider.swift */,
				A11111111111111111111138 /* AnalyticsModels.swift */,
				A1111111111111111111113A /* AnalyticsStore.swift */,
				B11111111111111111111112 /* SupabaseAuthProvider.swift */,
				B11111111111111111111114 /* SupabaseService.swift */,
				C11111111111111111111112 /* AdminDashboardViewController.swift */,
				C11111111111111111111114 /* UserDetailViewController.swift */,
				C11111111111111111111116 /* ChartViews.swift */,
				C11111111111111111111118 /* AdminRoleManager.swift */,
			);
			path = VideoTranslator;
			sourceTree = "<group>";
		};
/* End PBXGroup section */

/* Begin PBXNativeTarget section */
		1A2B3C4D5E6F7889 /* VideoTranslator */ = {
			isa = PBXNativeTarget;
			buildConfigurationList = 1A2B3C4D5E6F789C /* Build configuration list for PBXNativeTarget "VideoTranslator" */;
			buildPhases = (
				1A2B3C4D5E6F7886 /* Sources */,
				1A2B3C4D5E6F7887 /* Frameworks */,
				1A2B3C4D5E6F7888 /* Resources */,
			);
			buildRules = (
			);
			dependencies = (
			);
			name = VideoTranslator;
			productName = VideoTranslator;
			productReference = 1A2B3C4D5E6F788A /* VideoTranslator.app */;
			productType = "com.apple.product-type.application";
		};
/* End PBXNativeTarget section */

/* Begin PBXProject section */
		1A2B3C4D5E6F7882 /* Project object */ = {
			isa = PBXProject;
			attributes = {
				BuildIndependentTargetsInParallel = 1;
				LastSwiftUpdateCheck = 1500;
				LastUpgradeCheck = 1500;
				TargetAttributes = {
					1A2B3C4D5E6F7889 = {
						CreatedOnToolsVersion = 15.0;
					};
				};
			};
			buildConfigurationList = 1A2B3C4D5E6F7885 /* Build configuration list for PBXProject "VideoTranslator" */;
			compatibilityVersion = "Xcode 14.0";
			developmentRegion = en;
			hasScannedForEncodings = 0;
			knownRegions = (
				en,
				Base,
			);
			mainGroup = 1A2B3C4D5E6F7881;
			productRefGroup = 1A2B3C4D5E6F788B /* Products */;
			projectDirPath = "";
			projectRoot = "";
			targets = (
				1A2B3C4D5E6F7889 /* VideoTranslator */,
			);
		};
/* End PBXProject section */

/* Begin PBXResourcesBuildPhase section */
		1A2B3C4D5E6F7888 /* Resources */ = {
			isa = PBXResourcesBuildPhase;
			buildActionMask = 2147483647;
			files = (
				1A2B3C4D5E6F7898 /* LaunchScreen.storyboard in Resources */,
				1A2B3C4D5E6F7895 /* Assets.xcassets in Resources */,
				1A2B3C4D5E6F7893 /* Main.storyboard in Resources */,
			);
			runOnlyForDeploymentPostprocessing = 0;
		};
/* End PBXResourcesBuildPhase section */

/* Begin PBXSourcesBuildPhase section */
		1A2B3C4D5E6F7886 /* Sources */ = {
			isa = PBXSourcesBuildPhase;
			buildActionMask = 2147483647;
			files = (
				1A2B3C4D5E6F788C /* AppDelegate.swift in Sources */,
				1A2B3C4D5E6F788E /* SceneDelegate.swift in Sources */,
				1A2B3C4D5E6F7890 /* ViewController.swift in Sources */,
				A11111111111111111111111 /* VideoPlayerViewController.swift in Sources */,
				A11111111111111111111113 /* AVPlayerView.swift in Sources */,
				A11111111111111111111115 /* VideoControlsView.swift in Sources */,
				A11111111111111111111117 /* SubtitleOverlayView.swift in Sources */,
				A11111111111111111111119 /* LanguageSelectionViewController.swift in Sources */,
				A1111111111111111111111B /* SettingsViewController.swift in Sources */,
				A1111111111111111111111D /* SessionGateViewController.swift in Sources */,
				A1111111111111111111111F /* AdminDashboardViewController.swift in Sources */,
				A11111111111111111111121 /* LoginViewController.swift in Sources */,
				A11111111111111111111123 /* SignupViewController.swift in Sources */,
				A11111111111111111111125 /* Subtitle.swift in Sources */,
				A11111111111111111111127 /* Language.swift in Sources */,
				A11111111111111111111129 /* AppUser.swift in Sources */,
				A1111111111111111111112B /* TranscriptionService.swift in Sources */,
				A1111111111111111111112D /* TranslationService.swift in Sources */,
				A1111111111111111111112F /* SubtitleManager.swift in Sources */,
				A11111111111111111111131 /* AppContainer.swift in Sources */,
				A11111111111111111111133 /* AuthProviding.swift in Sources */,
				A11111111111111111111135 /* MockAuthProvider.swift in Sources */,
				A11111111111111111111137 /* AnalyticsModels.swift in Sources */,
				A11111111111111111111139 /* AnalyticsStore.swift in Sources */,
				B11111111111111111111111 /* SupabaseAuthProvider.swift in Sources */,
				B11111111111111111111113 /* SupabaseService.swift in Sources */,
				C11111111111111111111111 /* AdminDashboardViewController.swift in Sources */,
				C11111111111111111111113 /* UserDetailViewController.swift in Sources */,
				C11111111111111111111115 /* ChartViews.swift in Sources */,
				C11111111111111111111117 /* AdminRoleManager.swift in Sources */,
			);
			runOnlyForDeploymentPostprocessing = 0;
		};
/* End PBXSourcesBuildPhase section */

/* Begin XCBuildConfiguration section */
		1A2B3C4D5E6F789A /* Debug */ = {
			isa = XCBuildConfiguration;
			buildSettings = {
				ALWAYS_SEARCH_USER_PATHS = NO;
				ASSETCATALOG_COMPILER_GENERATE_SWIFT_ASSET_SYMBOL_EXTENSIONS = YES;
				CLANG_ANALYZER_NONNULL = YES;
				CLANG_ANALYZER_NUMBER_OBJECT_CONVERSION = YES_AGGRESSIVE;
				CLANG_CXX_LANGUAGE_STANDARD = "gnu++20";
				CLANG_ENABLE_MODULES = YES;
				CLANG_ENABLE_OBJC_ARC = YES;
				CLANG_ENABLE_OBJC_WEAK = YES;
				CLANG_WARN_BLOCK_CAPTURE_AUTORELEASING = YES;
				CLANG_WARN_BOOL_CONVERSION = YES;
				CLANG_WARN_COMMA = YES;
				CLANG_WARN_CONSTANT_CONVERSION = YES;
				CLANG_WARN_DEPRECATED_OBJC_IMPLEMENTATIONS = YES;
				CLANG_WARN_DIRECT_OBJC_ISA_USAGE = YES_ERROR;
				CLANG_WARN_DOCUMENTATION_COMMENTS = YES;
				CLANG_WARN_EMPTY_BODY = YES;
				CLANG_WARN_ENUM_CONVERSION = YES;
				CLANG_WARN_INFINITE_RECURSION = YES;
				CLANG_WARN_INT_CONVERSION = YES;
				CLANG_WARN_NON_LITERAL_NULL_CONVERSION = YES;
				CLANG_WARN_OBJC_IMPLICIT_RETAIN_SELF = YES;
				CLANG_WARN_OBJC_LITERAL_CONVERSION = YES;
				CLANG_WARN_OBJC_ROOT_CLASS = YES_ERROR;
				CLANG_WARN_QUOTED_INCLUDE_IN_FRAMEWORK_HEADER = YES;
				CLANG_WARN_RANGE_LOOP_ANALYSIS = YES;
				CLANG_WARN_STRICT_PROTOTYPES = YES;
				CLANG_WARN_SUSPICIOUS_MOVE = YES;
				CLANG_WARN_UNGUARDED_AVAILABILITY = YES_AGGRESSIVE;
				CLANG_WARN_UNREACHABLE_CODE = YES;
				CLANG_WARN__DUPLICATE_METHOD_MATCH = YES;
				COPY_PHASE_STRIP = NO;
				DEBUG_INFORMATION_FORMAT = dwarf;
				ENABLE_STRICT_OBJC_MSGSEND = YES;
				ENABLE_TESTABILITY = YES;
				ENABLE_USER_SCRIPT_SANDBOXING = YES;
				GCC_C_LANGUAGE_STANDARD = gnu17;
				GCC_DYNAMIC_NO_PIC = NO;
				GCC_NO_COMMON_BLOCKS = YES;
				GCC_OPTIMIZATION_LEVEL = 0;
				GCC_PREPROCESSOR_DEFINITIONS = (
					"DEBUG=1",
					"$(inherited)",
				);
				GCC_WARN_64_TO_32_BIT_CONVERSION = YES;
				GCC_WARN_ABOUT_RETURN_TYPE = YES_ERROR;
				GCC_WARN_UNDECLARED_SELECTOR = YES;
				GCC_WARN_UNINITIALIZED_AUTOS = YES_AGGRESSIVE;
				GCC_WARN_UNUSED_FUNCTION = YES;
				GCC_WARN_UNUSED_VARIABLE = YES;
				IPHONEOS_DEPLOYMENT_TARGET = 15.0;
				LOCALIZATION_PREFERS_STRING_CATALOGS = YES;
				MTL_ENABLE_DEBUG_INFO = INCLUDE_SOURCE;
				MTL_FAST_MATH = YES;
				ONLY_ACTIVE_ARCH = YES;
				SDKROOT = iphoneos;
				SWIFT_ACTIVE_COMPILATION_CONDITIONS = "DEBUG $(inherited)";
				SWIFT_OPTIMIZATION_LEVEL = "-Onone";
			};
			name = Debug;
		};
		1A2B3C4D5E6F789B /* Release */ = {
			isa = XCBuildConfiguration;
			buildSettings = {
				ALWAYS_SEARCH_USER_PATHS = NO;
				ASSETCATALOG_COMPILER_GENERATE_SWIFT_ASSET_SYMBOL_EXTENSIONS = YES;
				CLANG_ANALYZER_NONNULL = YES;
				CLANG_ANALYZER_NUMBER_OBJECT_CONVERSION = YES_AGGRESSIVE;
				CLANG_CXX_LANGUAGE_STANDARD = "gnu++20";
				CLANG_ENABLE_MODULES = YES;
				CLANG_ENABLE_OBJC_ARC = YES;
				CLANG_ENABLE_OBJC_WEAK = YES;
				CLANG_WARN_BLOCK_CAPTURE_AUTORELEASING = YES;
				CLANG_WARN_BOOL_CONVERSION = YES;
				CLANG_WARN_COMMA = YES;
				CLANG_WARN_CONSTANT_CONVERSION = YES;
				CLANG_WARN_DEPRECATED_OBJC_IMPLEMENTATIONS = YES;
				CLANG_WARN_DIRECT_OBJC_ISA_USAGE = YES_ERROR;
				CLANG_WARN_DOCUMENTATION_COMMENTS = YES;
				CLANG_WARN_EMPTY_BODY = YES;
				CLANG_WARN_ENUM_CONVERSION = YES;
				CLANG_WARN_INFINITE_RECURSION = YES;
				CLANG_WARN_INT_CONVERSION = YES;
				CLANG_WARN_NON_LITERAL_NULL_CONVERSION = YES;
				CLANG_WARN_OBJC_IMPLICIT_RETAIN_SELF = YES;
				CLANG_WARN_OBJC_LITERAL_CONVERSION = YES;
				CLANG_WARN_OBJC_ROOT_CLASS = YES_ERROR;
				CLANG_WARN_QUOTED_INCLUDE_IN_FRAMEWORK_HEADER = YES;
				CLANG_WARN_RANGE_LOOP_ANALYSIS = YES;
				CLANG_WARN_STRICT_PROTOTYPES = YES;
				CLANG_WARN_SUSPICIOUS_MOVE = YES;
				CLANG_WARN_UNGUARDED_AVAILABILITY = YES_AGGRESSIVE;
				CLANG_WARN_UNREACHABLE_CODE = YES;
				CLANG_WARN__DUPLICATE_METHOD_MATCH = YES;
				COPY_PHASE_STRIP = NO;
				DEBUG_INFORMATION_FORMAT = "dwarf-with-dsym";
				ENABLE_NS_ASSERTIONS = NO;
				ENABLE_STRICT_OBJC_MSGSEND = YES;
				ENABLE_USER_SCRIPT_SANDBOXING = YES;
				GCC_C_LANGUAGE_STANDARD = gnu17;
				GCC_NO_COMMON_BLOCKS = YES;
				GCC_WARN_64_TO_32_BIT_CONVERSION = YES;
				GCC_WARN_ABOUT_RETURN_TYPE = YES_ERROR;
				GCC_WARN_UNDECLARED_SELECTOR = YES;
				GCC_WARN_UNINITIALIZED_AUTOS = YES_AGGRESSIVE;
				GCC_WARN_UNUSED_FUNCTION = YES;
				GCC_WARN_UNUSED_VARIABLE = YES;
				IPHONEOS_DEPLOYMENT_TARGET = 15.0;
				LOCALIZATION_PREFERS_STRING_CATALOGS = YES;
				MTL_ENABLE_DEBUG_INFO = NO;
				MTL_FAST_MATH = YES;
				SDKROOT = iphoneos;
				SWIFT_COMPILATION_MODE = wholemodule;
				VALIDATE_PRODUCT = YES;
			};
			name = Release;
		};
		1A2B3C4D5E6F789C /* Debug */ = {
			isa = XCBuildConfiguration;
			buildSettings = {
				ASSETCATALOG_COMPILER_APPICON_NAME = AppIcon;
				ASSETCATALOG_COMPILER_GLOBAL_ACCENT_COLOR_NAME = AccentColor;
				CODE_SIGN_STYLE = Automatic;
				CURRENT_PROJECT_VERSION = 1;
				DEVELOPMENT_TEAM = "";
				GENERATE_INFOPLIST_FILE = NO;
				INFOPLIST_FILE = VideoTranslator/Info.plist;
				INFOPLIST_KEY_NSMicrophoneUsageDescription = "This app needs microphone access to transcribe audio from videos for translation.";
				INFOPLIST_KEY_NSPhotoLibraryUsageDescription = "This app needs photo library access to import videos for translation.";
				INFOPLIST_KEY_UIApplicationSupportsIndirectInputEvents = YES;
				INFOPLIST_KEY_UILaunchScreen_Generation = YES;
				INFOPLIST_KEY_UISupportedInterfaceOrientations = "UIInterfaceOrientationPortrait UIInterfaceOrientationLandscapeLeft UIInterfaceOrientationLandscapeRight";
				INFOPLIST_KEY_UISupportedInterfaceOrientations_iPad = "UIInterfaceOrientationPortrait UIInterfaceOrientationPortraitUpsideDown UIInterfaceOrientationLandscapeLeft UIInterfaceOrientationLandscapeRight";
				IPHONEOS_DEPLOYMENT_TARGET = 15.0;
				LD_RUNPATH_SEARCH_PATHS = (
					"$(inherited)",
					"@executable_path/Frameworks",
				);
				MARKETING_VERSION = 1.0;
				PRODUCT_BUNDLE_IDENTIFIER = com.videotranslator.app;
				PRODUCT_NAME = "$(TARGET_NAME)";
				SWIFT_EMIT_LOC_STRINGS = YES;
				SWIFT_VERSION = 5.0;
				TARGETED_DEVICE_FAMILY = "1,2";
			};
			name = Debug;
		};
		1A2B3C4D5E6F789D /* Release */ = {
			isa = XCBuildConfiguration;
			buildSettings = {
				ASSETCATALOG_COMPILER_APPICON_NAME = AppIcon;
				ASSETCATALOG_COMPILER_GLOBAL_ACCENT_COLOR_NAME = AccentColor;
				CODE_SIGN_STYLE = Automatic;
				CURRENT_PROJECT_VERSION = 1;
				DEVELOPMENT_TEAM = "";
				GENERATE_INFOPLIST_FILE = NO;
				INFOPLIST_FILE = VideoTranslator/Info.plist;
				INFOPLIST_KEY_NSMicrophoneUsageDescription = "This app needs microphone access to transcribe audio from videos for translation.";
				INFOPLIST_KEY_NSPhotoLibraryUsageDescription = "This app needs photo library access to import videos for translation.";
				INFOPLIST_KEY_UIApplicationSupportsIndirectInputEvents = YES;
				INFOPLIST_KEY_UILaunchScreen_Generation = YES;
				INFOPLIST_KEY_UISupportedInterfaceOrientations = "UIInterfaceOrientationPortrait UIInterfaceOrientationLandscapeLeft UIInterfaceOrientationLandscapeRight";
				INFOPLIST_KEY_UISupportedInterfaceOrientations_iPad = "UIInterfaceOrientationPortrait UIInterfaceOrientationPortraitUpsideDown UIInterfaceOrientationLandscapeLeft UIInterfaceOrientationLandscapeRight";
				IPHONEOS_DEPLOYMENT_TARGET = 15.0;
				LD_RUNPATH_SEARCH_PATHS = (
					"$(inherited)",
					"@executable_path/Frameworks",
				);
				MARKETING_VERSION = 1.0;
				PRODUCT_BUNDLE_IDENTIFIER = com.videotranslator.app;
				PRODUCT_NAME = "$(TARGET_NAME)";
				SWIFT_EMIT_LOC_STRINGS = YES;
				SWIFT_VERSION = 5.0;
				TARGETED_DEVICE_FAMILY = "1,2";
			};
			name = Release;
		};
/* End XCBuildConfiguration section */

/* Begin XCConfigurationList section */
		1A2B3C4D5E6F7885 /* Build configuration list for PBXProject "VideoTranslator" */ = {
			isa = XCConfigurationList;
			buildConfigurations = (
				1A2B3C4D5E6F789A /* Debug */,
				1A2B3C4D5E6F789B /* Release */,
			);
			defaultConfigurationIsVisible = 0;
			defaultConfigurationName = Release;
		};
		1A2B3C4D5E6F789C /* Build configuration list for PBXNativeTarget "VideoTranslator" */ = {
			isa = XCConfigurationList;
			buildConfigurations = (
				1A2B3C4D5E6F789C /* Debug */,
				1A2B3C4D5E6F789D /* Release */,
			);
			defaultConfigurationIsVisible = 0;
			defaultConfigurationName = Release;
		};
/* End XCConfigurationList section */
	};
	rootObject = 1A2B3C4D5E6F7882 /* Project object */;
}
